{
  "name": "@layer92/axios-utilities",
  "version": "1.0.0",
  "lockfileVersion": 3,
  "requires": true,
  "packages": {
    "": {
      "name": "@layer92/axios-utilities",
      "version": "1.0.0",
      "license": "0BSD",
      "dependencies": {
        "@layer92/core": "git+https://github.com/layer92/core-ts.git",
        "@types/axios": "0.14.0",
        "@types/node": "20.8.6",
        "axios": "^1.1.0",
        "typescript": "5.2.2"
      }
    },
    "node_modules/@layer92/core": {
      "version": "0.0.1",
      "resolved": "git+ssh://git@github.com/layer92/core-ts.git#18e43d5032b2d0f0ac0fe59780ae7e99a1c5caf2",
      "license": "0BSD",
      "dependencies": {
        "@types/node": "20.8.6",
        "typescript": "5.2.2"
      }
    },
    "node_modules/@types/axios": {
      "version": "0.14.0",
      "license": "MIT",
      "dependencies": {
        "axios": "*"
      }
    },
    "node_modules/@types/node": {
      "version": "20.8.6",
      "license": "MIT",
      "dependencies": {
        "undici-types": "~5.25.1"
      }
    },
    "node_modules/asynckit": {
      "version": "0.4.0",
      "license": "MIT"
    },
    "node_modules/axios": {
      "version": "1.1.0",
      "license": "MIT",
      "dependencies": {
        "follow-redirects": "^1.15.0",
        "form-data": "^4.0.0",
        "proxy-from-env": "^1.1.0"
      }
    },
    "node_modules/combined-stream": {
      "version": "1.0.8",
      "license": "MIT",
      "dependencies": {
        "delayed-stream": "~1.0.0"
      },
      "engines": {
        "node": ">= 0.8"
      }
    },
    "node_modules/delayed-stream": {
      "version": "1.0.0",
      "license": "MIT",
      "engines": {
        "node": ">=0.4.0"
      }
    },
    "node_modules/follow-redirects": {
      "version": "1.15.6",
      "funding": [
        {
          "type": "individual",
          "url": "https://github.com/sponsors/RubenVerborgh"
        }
      ],
      "license": "MIT",
      "engines": {
        "node": ">=4.0"
      },
      "peerDependenciesMeta": {
        "debug": {
          "optional": true
        }
      }
    },
    "node_modules/form-data": {
      "version": "4.0.0",
      "license": "MIT",
      "dependencies": {
        "asynckit": "^0.4.0",
        "combined-stream": "^1.0.8",
        "mime-types": "^2.1.12"
      },
      "engines": {
        "node": ">= 6"
      }
    },
    "node_modules/mime-db": {
      "version": "1.52.0",
      "license": "MIT",
      "engines": {
        "node": ">= 0.6"
      }
    },
    "node_modules/mime-types": {
      "version": "2.1.35",
      "license": "MIT",
      "dependencies": {
        "mime-db": "1.52.0"
      },
      "engines": {
        "node": ">= 0.6"
      }
    },
    "node_modules/proxy-from-env": {
      "version": "1.1.0",
      "license": "MIT"
    },
    "node_modules/typescript": {
      "version": "5.2.2",
      "license": "Apache-2.0",
      "bin": {
        "tsc": "bin/tsc",
        "tsserver": "bin/tsserver"
      },
      "engines": {
        "node": ">=14.17"
      }
    },
    "node_modules/undici-types": {
      "version": "5.25.3",
      "license": "MIT"
    }
  }
}
